{
  "name": "sepal",
  "version": "1.0.0",
  "lockfileVersion": 1,
  "requires": true,
  "dependencies": {
    "@types/node": {
      "version": "14.0.26",
      "resolved": "https://registry.npmjs.org/@types/node/-/node-14.0.26.tgz",
      "integrity": "sha512-W+fpe5s91FBGE0pEa0lnqGLL4USgpLgs4nokw16SrBBco/gQxuua7KnArSEOd5iaMqbbSHV10vUDkJYJJqpXKA=="
    },
    "@types/ws": {
      "version": "7.2.6",
      "resolved": "https://registry.npmjs.org/@types/ws/-/ws-7.2.6.tgz",
      "integrity": "sha512-Q07IrQUSNpr+cXU4E4LtkSIBPie5GLZyyMC1QtQYRLWz701+XcoVygGUZgvLqElq1nU4ICldMYPnexlBsg3dqQ==",
      "requires": {
        "@types/node": "*"
      }
    },
    "dependy": {
      "version": "1.0.2",
      "resolved": "https://registry.npmjs.org/dependy/-/dependy-1.0.2.tgz",
      "integrity": "sha512-MBBSbFxyosdIabtE4DVhXTZfPwAZN0gmi/5OqMgl7ntmA8gWMHt2khs985TWloXeQ979jdXWBh0vWBiWazxKWA=="
    },
    "ws": {
      "version": "7.3.1",
      "resolved": "https://registry.npmjs.org/ws/-/ws-7.3.1.tgz",
      "integrity": "sha512-D3RuNkynyHmEJIpD2qrgVkc9DQ23OrN/moAwZX4L8DfvszsJxpjQuUq3LMx6HoYji9fbIOBY18XWBsAux1ZZUA=="
    }
  }
}
